
Microsoft Visual Studio Solution File, Format Version 12.00
# Visual Studio Version 17
VisualStudioVersion = 17.9.34622.214
MinimumVisualStudioVersion = 10.0.40219.1
Project("{FAE04EC0-301F-11D3-BF4B-00C04F79EFBC}") = "Classes", "Classes.csproj", "{9077728E-188E-419B-A949-4C4159AF8961}"
EndProject
Global
	GlobalSection(SolutionConfigurationPlatforms) = preSolution
		Debug|Any CPU = Debug|Any CPU
		Release|Any CPU = Release|Any CPU
	EndGlobalSection
	GlobalSection(ProjectConfigurationPlatforms) = postSolution
		{9077728E-188E-419B-A949-4C4159AF8961}.Debug|Any CPU.ActiveCfg = Debug|Any CPU
		{9077728E-188E-419B-A949-4C4159AF8961}.Debug|Any CPU.Build.0 = Debug|Any CPU
		{9077728E-188E-419B-A949-4C4159AF8961}.Release|Any CPU.ActiveCfg = Release|Any CPU
		{9077728E-188E-419B-A949-4C4159AF8961}.Release|Any CPU.Build.0 = Release|Any CPU
	EndGlobalSection
	GlobalSection(SolutionProperties) = preSolution
		HideSolutionNode = FALSE
	EndGlobalSection
	GlobalSection(ExtensibilityGlobals) = postSolution
		SolutionGuid = {F850981C-E87F-4427-B570-A6608AA150D6}
	EndGlobalSection
EndGlobal
