
Microsoft Visual Studio Solution File, Format Version 12.00
# Visual Studio Version 17
VisualStudioVersion = 17.9.34622.214
MinimumVisualStudioVersion = 10.0.40219.1
Project("{FAE04EC0-301F-11D3-BF4B-00C04F79EFBC}") = "POObjetos", "POObjetos.csproj", "{162D06A7-EF54-4C3E-BC6A-737AB066B893}"
EndProject
Global
	GlobalSection(SolutionConfigurationPlatforms) = preSolution
		Debug|Any CPU = Debug|Any CPU
		Release|Any CPU = Release|Any CPU
	EndGlobalSection
	GlobalSection(ProjectConfigurationPlatforms) = postSolution
		{162D06A7-EF54-4C3E-BC6A-737AB066B893}.Debug|Any CPU.ActiveCfg = Debug|Any CPU
		{162D06A7-EF54-4C3E-BC6A-737AB066B893}.Debug|Any CPU.Build.0 = Debug|Any CPU
		{162D06A7-EF54-4C3E-BC6A-737AB066B893}.Release|Any CPU.ActiveCfg = Release|Any CPU
		{162D06A7-EF54-4C3E-BC6A-737AB066B893}.Release|Any CPU.Build.0 = Release|Any CPU
	EndGlobalSection
	GlobalSection(SolutionProperties) = preSolution
		HideSolutionNode = FALSE
	EndGlobalSection
	GlobalSection(ExtensibilityGlobals) = postSolution
		SolutionGuid = {FED2166E-1E05-4453-BE91-4D847FF8F559}
	EndGlobalSection
EndGlobal
